// !$*UTF8*$!
{
	archiveVersion = 1;
	classes = {
	};
	objectVersion = 48;
	objects = {

/* Begin PBXBuildFile section */
		A6DEA7B9206BCE9800D5E21E /* AppDelegate.swift in Sources */ = {isa = PBXBuildFile; fileRef = A6DEA7B8206BCE9800D5E21E /* AppDelegate.swift */; };
		A6DEA7BB206BCE9800D5E21E /* ViewController.swift in Sources */ = {isa = PBXBuildFile; fileRef = A6DEA7BA206BCE9800D5E21E /* ViewController.swift */; };
		A6DEA7BE206BCE9800D5E21E /* Main.storyboard in Resources */ = {isa = PBXBuildFile; fileRef = A6DEA7BC206BCE9800D5E21E /* Main.storyboard */; };
		A6DEA7C0206BCE9800D5E21E /* Assets.xcassets in Resources */ = {isa = PBXBuildFile; fileRef = A6DEA7BF206BCE9800D5E21E /* Assets.xcassets */; };
		A6DEA7C3206BCE9800D5E21E /* LaunchScreen.storyboard in Resources */ = {isa = PBXBuildFile; fileRef = A6DEA7C1206BCE9800D5E21E /* LaunchScreen.storyboard */; };
/* End PBXBuildFile section */

/* Begin PBXFileReference section */
		A6DEA7B5206BCE9800D5E21E /* Grid Panic.app */ = {isa = PBXFileReference; explicitFileType = wrapper.application; includeInIndex = 0; path = "Grid Panic.app"; sourceTree = BUILT_PRODUCTS_DIR; };
		A6DEA7B8206BCE9800D5E21E /* AppDelegate.swift */ = {isa = PBXFileReference; lastKnownFileType = sourcecode.swift; path = AppDelegate.swift; sourceTree = "<group>"; };
		A6DEA7BA206BCE9800D5E21E /* ViewController.swift */ = {isa = PBXFileReference; lastKnownFileType = sourcecode.swift; path = ViewController.swift; sourceTree = "<group>"; };
		A6DEA7BD206BCE9800D5E21E /* Base */ = {isa = PBXFileReference; lastKnownFileType = file.storyboard; name = Base; path = Base.lproj/Main.storyboard; sourceTree = "<group>"; };
		A6DEA7BF206BCE9800D5E21E /* Assets.xcassets */ = {isa = PBXFileReference; lastKnownFileType = folder.assetcatalog; path = Assets.xcassets; sourceTree = "<group>"; };
		A6DEA7C2206BCE9800D5E21E /* Base */ = {isa = PBXFileReference; lastKnownFileType = file.storyboard; name = Base; path = Base.lproj/LaunchScreen.storyboard; sourceTree = "<group>"; };
		A6DEA7C4206BCE9800D5E21E /* Info.plist */ = {isa = PBXFileReference; lastKnownFileType = text.plist.xml; path = Info.plist; sourceTree = "<group>"; };
/* End PBXFileReference section */

/* Begin PBXFrameworksBuildPhase section */
		A6DEA7B2206BCE9800D5E21E /* Frameworks */ = {
			isa = PBXFrameworksBuildPhase;
			buildActionMask = 2147483647;
			files = (
			);
			runOnlyForDeploymentPostprocessing = 0;
		};
/* End PBXFrameworksBuildPhase section */

/* Begin PBXGroup section */
		A6DEA7AC206BCE9800D5E21E = {
			isa = PBXGroup;
			children = (
				A6DEA7B7206BCE9800D5E21E /* Grid Panic */,
				A6DEA7B6206BCE9800D5E21E /* Products */,
			);
			sourceTree = "<group>";
		};
		A6DEA7B6206BCE9800D5E21E /* Products */ = {
			isa = PBXGroup;
			children = (
				A6DEA7B5206BCE9800D5E21E /* Grid Panic.app */,
			);
			name = Products;
			sourceTree = "<group>";
		};
		A6DEA7B7206BCE9800D5E21E /* Grid Panic */ = {
			isa = PBXGroup;
			children = (
				A6DEA7B8206BCE9800D5E21E /* AppDelegate.swift */,
				A6DEA7BA206BCE9800D5E21E /* ViewController.swift */,
				A6DEA7BC206BCE9800D5E21E /* Main.storyboard */,
				A6DEA7BF206BCE9800D5E21E /* Assets.xcassets */,
				A6DEA7C1206BCE9800D5E21E /* LaunchScreen.storyboard */,
				A6DEA7C4206BCE9800D5E21E /* Info.plist */,
			);
			path = "Grid Panic";
			sourceTree = "<group>";
		};
/* End PBXGroup section */

/* Begin PBXNativeTarget section */
		A6DEA7B4206BCE9800D5E21E /* Grid Panic */ = {
			isa = PBXNativeTarget;
			buildConfigurationList = A6DEA7C7206BCE9800D5E21E /* Build configuration list for PBXNativeTarget "Grid Panic" */;
			buildPhases = (
				A6DEA7B1206BCE9800D5E21E /* Sources */,
				A6DEA7B2206BCE9800D5E21E /* Frameworks */,
				A6DEA7B3206BCE9800D5E21E /* Resources */,
			);
			buildRules = (
			);
			dependencies = (
			);
			name = "Grid Panic";
			productName = "Grid Panic";
			productReference = A6DEA7B5206BCE9800D5E21E /* Grid Panic.app */;
			productType = "com.apple.product-type.application";
		};
/* End PBXNativeTarget section */

/* Begin PBXProject section */
		A6DEA7AD206BCE9800D5E21E /* Project object */ = {
			isa = PBXProject;
			attributes = {
				LastSwiftUpdateCheck = 0920;
				LastUpgradeCheck = 0920;
				ORGANIZATIONNAME = "Hull, Brett";
				TargetAttributes = {
					A6DEA7B4206BCE9800D5E21E = {
						CreatedOnToolsVersion = 9.2;
						ProvisioningStyle = Automatic;
					};
				};
			};
			buildConfigurationList = A6DEA7B0206BCE9800D5E21E /* Build configuration list for PBXProject "Grid Panic" */;
			compatibilityVersion = "Xcode 8.0";
			developmentRegion = en;
			hasScannedForEncodings = 0;
			knownRegions = (
				en,
				Base,
			);
			mainGroup = A6DEA7AC206BCE9800D5E21E;
			productRefGroup = A6DEA7B6206BCE9800D5E21E /* Products */;
			projectDirPath = "";
			projectRoot = "";
			targets = (
				A6DEA7B4206BCE9800D5E21E /* Grid Panic */,
			);
		};
/* End PBXProject section */

/* Begin PBXResourcesBuildPhase section */
		A6DEA7B3206BCE9800D5E21E /* Resources */ = {
			isa = PBXResourcesBuildPhase;
			buildActionMask = 2147483647;
			files = (
				A6DEA7C3206BCE9800D5E21E /* LaunchScreen.storyboard in Resources */,
				A6DEA7C0206BCE9800D5E21E /* Assets.xcassets in Resources */,
				A6DEA7BE206BCE9800D5E21E /* Main.storyboard in Resources */,
			);
			runOnlyForDeploymentPostprocessing = 0;
		};
/* End PBXResourcesBuildPhase section */

/* Begin PBXSourcesBuildPhase section */
		A6DEA7B1206BCE9800D5E21E /* Sources */ = {
			isa = PBXSourcesBuildPhase;
			buildActionMask = 2147483647;
			files = (
				A6DEA7BB206BCE9800D5E21E /* ViewController.swift in Sources */,
				A6DEA7B9206BCE9800D5E21E /* AppDelegate.swift in Sources */,
			);
			runOnlyForDeploymentPostprocessing = 0;
		};
/* End PBXSourcesBuildPhase section */

/* Begin PBXVariantGroup section */
		A6DEA7BC206BCE9800D5E21E /* Main.storyboard */ = {
			isa = PBXVariantGroup;
			children = (
				A6DEA7BD206BCE9800D5E21E /* Base */,
			);
			name = Main.storyboard;
			sourceTree = "<group>";
		};
		A6DEA7C1206BCE9800D5E21E /* LaunchScreen.storyboard */ = {
			isa = PBXVariantGroup;
			children = (
				A6DEA7C2206BCE9800D5E21E /* Base */,
			);
			name = LaunchScreen.storyboard;
			sourceTree = "<group>";
		};
/* End PBXVariantGroup section */

/* Begin XCBuildConfiguration section */
		A6DEA7C5206BCE9800D5E21E /* Debug */ = {
			isa = XCBuildConfiguration;
			buildSettings = {
				ALWAYS_SEARCH_USER_PATHS = NO;
				CLANG_ANALYZER_NONNULL = YES;
				CLANG_ANALYZER_NUMBER_OBJECT_CONVERSION = YES_AGGRESSIVE;
				CLANG_CXX_LANGUAGE_STANDARD = "gnu++14";
				CLANG_CXX_LIBRARY = "libc++";
				CLANG_ENABLE_MODULES = YES;
				CLANG_ENABLE_OBJC_ARC = YES;
				CLANG_WARN_BLOCK_CAPTURE_AUTORELEASING = YES;
				CLANG_WARN_BOOL_CONVERSION = YES;
				CLANG_WARN_COMMA = YES;
				CLANG_WARN_CONSTANT_CONVERSION = YES;
				CLANG_WARN_DIRECT_OBJC_ISA_USAGE = YES_ERROR;
				CLANG_WARN_DOCUMENTATION_COMMENTS = YES;
				CLANG_WARN_EMPTY_BODY = YES;
				CLANG_WARN_ENUM_CONVERSION = YES;
				CLANG_WARN_INFINITE_RECURSION = YES;
				CLANG_WARN_INT_CONVERSION = YES;
				CLANG_WARN_NON_LITERAL_NULL_CONVERSION = YES;
				CLANG_WARN_OBJC_LITERAL_CONVERSION = YES;
				CLANG_WARN_OBJC_ROOT_CLASS = YES_ERROR;
				CLANG_WARN_RANGE_LOOP_ANALYSIS = YES;
				CLANG_WARN_STRICT_PROTOTYPES = YES;
				CLANG_WARN_SUSPICIOUS_MOVE = YES;
				CLANG_WARN_UNGUARDED_AVAILABILITY = YES_AGGRESSIVE;
				CLANG_WARN_UNREACHABLE_CODE = YES;
				CLANG_WARN__DUPLICATE_METHOD_MATCH = YES;
				CODE_SIGN_IDENTITY = "iPhone Developer";
				COPY_PHASE_STRIP = NO;
				DEBUG_INFORMATION_FORMAT = dwarf;
				ENABLE_STRICT_OBJC_MSGSEND = YES;
				ENABLE_TESTABILITY = YES;
				GCC_C_LANGUAGE_STANDARD = gnu11;
				GCC_DYNAMIC_NO_PIC = NO;
				GCC_NO_COMMON_BLOCKS = YES;
				GCC_OPTIMIZATION_LEVEL = 0;
				GCC_PREPROCESSOR_DEFINITIONS = (
					"DEBUG=1",
					"$(inherited)",
				);
				GCC_WARN_64_TO_32_BIT_CONVERSION = YES;
				GCC_WARN_ABOUT_RETURN_TYPE = YES_ERROR;
				GCC_WARN_UNDECLARED_SELECTOR = YES;
				GCC_WARN_UNINITIALIZED_AUTOS = YES_AGGRESSIVE;
				GCC_WARN_UNUSED_FUNCTION = YES;
				GCC_WARN_UNUSED_VARIABLE = YES;
				IPHONEOS_DEPLOYMENT_TARGET = 11.2;
				MTL_ENABLE_DEBUG_INFO = YES;
				ONLY_ACTIVE_ARCH = YES;
				SDKROOT = iphoneos;
				SWIFT_ACTIVE_COMPILATION_CONDITIONS = DEBUG;
				SWIFT_OPTIMIZATION_LEVEL = "-Onone";
			};
			name = Debug;
		};
		A6DEA7C6206BCE9800D5E21E /* Release */ = {
			isa = XCBuildConfiguration;
			buildSettings = {
				ALWAYS_SEARCH_USER_PATHS = NO;
				CLANG_ANALYZER_NONNULL = YES;
				CLANG_ANALYZER_NUMBER_OBJECT_CONVERSION = YES_AGGRESSIVE;
				CLANG_CXX_LANGUAGE_STANDARD = "gnu++14";
				CLANG_CXX_LIBRARY = "libc++";
				CLANG_ENABLE_MODULES = YES;
				CLANG_ENABLE_OBJC_ARC = YES;
				CLANG_WARN_BLOCK_CAPTURE_AUTORELEASING = YES;
				CLANG_WARN_BOOL_CONVERSION = YES;
				CLANG_WARN_COMMA = YES;
				CLANG_WARN_CONSTANT_CONVERSION = YES;
				CLANG_WARN_DIRECT_OBJC_ISA_USAGE = YES_ERROR;
				CLANG_WARN_DOCUMENTATION_COMMENTS = YES;
				CLANG_WARN_EMPTY_BODY = YES;
				CLANG_WARN_ENUM_CONVERSION = YES;
				CLANG_WARN_INFINITE_RECURSION = YES;
				CLANG_WARN_INT_CONVERSION = YES;
				CLANG_WARN_NON_LITERAL_NULL_CONVERSION = YES;
				CLANG_WARN_OBJC_LITERAL_CONVERSION = YES;
				CLANG_WARN_OBJC_ROOT_CLASS = YES_ERROR;
				CLANG_WARN_RANGE_LOOP_ANALYSIS = YES;
				CLANG_WARN_STRICT_PROTOTYPES = YES;
				CLANG_WARN_SUSPICIOUS_MOVE = YES;
				CLANG_WARN_UNGUARDED_AVAILABILITY = YES_AGGRESSIVE;
				CLANG_WARN_UNREACHABLE_CODE = YES;
				CLANG_WARN__DUPLICATE_METHOD_MATCH = YES;
				CODE_SIGN_IDENTITY = "iPhone Developer";
				COPY_PHASE_STRIP = NO;
				DEBUG_INFORMATION_FORMAT = "dwarf-with-dsym";
				ENABLE_NS_ASSERTIONS = NO;
				ENABLE_STRICT_OBJC_MSGSEND = YES;
				GCC_C_LANGUAGE_STANDARD = gnu11;
				GCC_NO_COMMON_BLOCKS = YES;
				GCC_WARN_64_TO_32_BIT_CONVERSION = YES;
				GCC_WARN_ABOUT_RETURN_TYPE = YES_ERROR;
				GCC_WARN_UNDECLARED_SELECTOR = YES;
				GCC_WARN_UNINITIALIZED_AUTOS = YES_AGGRESSIVE;
				GCC_WARN_UNUSED_FUNCTION = YES;
				GCC_WARN_UNUSED_VARIABLE = YES;
				IPHONEOS_DEPLOYMENT_TARGET = 11.2;
				MTL_ENABLE_DEBUG_INFO = NO;
				SDKROOT = iphoneos;
				SWIFT_OPTIMIZATION_LEVEL = "-Owholemodule";
				VALIDATE_PRODUCT = YES;
			};
			name = Release;
		};
		A6DEA7C8206BCE9800D5E21E /* Debug */ = {
			isa = XCBuildConfiguration;
			buildSettings = {
				ASSETCATALOG_COMPILER_APPICON_NAME = AppIcon;
				CODE_SIGN_STYLE = Automatic;
				INFOPLIST_FILE = "Grid Panic/Info.plist";
				LD_RUNPATH_SEARCH_PATHS = "$(inherited) @executable_path/Frameworks";
				PRODUCT_BUNDLE_IDENTIFIER = "com.hull.Grid-Panic";
				PRODUCT_NAME = "$(TARGET_NAME)";
				SWIFT_VERSION = 4.0;
				TARGETED_DEVICE_FAMILY = "1,2";
			};
			name = Debug;
		};
		A6DEA7C9206BCE9800D5E21E /* Release */ = {
			isa = XCBuildConfiguration;
			buildSettings = {
				ASSETCATALOG_COMPILER_APPICON_NAME = AppIcon;
				CODE_SIGN_STYLE = Automatic;
				INFOPLIST_FILE = "Grid Panic/Info.plist";
				LD_RUNPATH_SEARCH_PATHS = "$(inherited) @executable_path/Frameworks";
				PRODUCT_BUNDLE_IDENTIFIER = "com.hull.Grid-Panic";
				PRODUCT_NAME = "$(TARGET_NAME)";
				SWIFT_VERSION = 4.0;
				TARGETED_DEVICE_FAMILY = "1,2";
			};
			name = Release;
		};
/* End XCBuildConfiguration section */

/* Begin XCConfigurationList section */
		A6DEA7B0206BCE9800D5E21E /* Build configuration list for PBXProject "Grid Panic" */ = {
			isa = XCConfigurationList;
			buildConfigurations = (
				A6DEA7C5206BCE9800D5E21E /* Debug */,
				A6DEA7C6206BCE9800D5E21E /* Release */,
			);
			defaultConfigurationIsVisible = 0;
			defaultConfigurationName = Release;
		};
		A6DEA7C7206BCE9800D5E21E /* Build configuration list for PBXNativeTarget "Grid Panic" */ = {
			isa = XCConfigurationList;
			buildConfigurations = (
				A6DEA7C8206BCE9800D5E21E /* Debug */,
				A6DEA7C9206BCE9800D5E21E /* Release */,
			);
			defaultConfigurationIsVisible = 0;
			defaultConfigurationName = Release;
		};
/* End XCConfigurationList section */
	};
	rootObject = A6DEA7AD206BCE9800D5E21E /* Project object */;
}
